
Microsoft Visual Studio Solution File, Format Version 12.00
# Visual Studio Version 17
VisualStudioVersion = 17.9.34701.34
MinimumVisualStudioVersion = 10.0.40219.1
Project("{FAE04EC0-301F-11D3-BF4B-00C04F79EFBC}") = "WEB_APP_Panaderia", "WEB_APP_Panaderia\WEB_APP_Panaderia.csproj", "{CA945DFB-CAE8-471F-A940-6A9F46BA75BA}"
EndProject
Global
	GlobalSection(SolutionConfigurationPlatforms) = preSolution
		Debug|Any CPU = Debug|Any CPU
		Release|Any CPU = Release|Any CPU
	EndGlobalSection
	GlobalSection(ProjectConfigurationPlatforms) = postSolution
		{CA945DFB-CAE8-471F-A940-6A9F46BA75BA}.Debug|Any CPU.ActiveCfg = Debug|Any CPU
		{CA945DFB-CAE8-471F-A940-6A9F46BA75BA}.Debug|Any CPU.Build.0 = Debug|Any CPU
		{CA945DFB-CAE8-471F-A940-6A9F46BA75BA}.Release|Any CPU.ActiveCfg = Release|Any CPU
		{CA945DFB-CAE8-471F-A940-6A9F46BA75BA}.Release|Any CPU.Build.0 = Release|Any CPU
	EndGlobalSection
	GlobalSection(SolutionProperties) = preSolution
		HideSolutionNode = FALSE
	EndGlobalSection
	GlobalSection(ExtensibilityGlobals) = postSolution
		SolutionGuid = {702624DD-2360-47A6-8BF2-5CD141BD5D38}
	EndGlobalSection
EndGlobal
